{
    "_readme": [
        "This file locks the dependencies of your project to a known state",
        "Read more about it at https://getcomposer.org/doc/01-basic-usage.md#installing-dependencies",
        "This file is @generated automatically"
    ],
    "content-hash": "b871c78258522cb8a7f0f68efffe4aa8",
    "packages": [
        {
            "name": "composer/installers",
            "version": "v2.3.0",
            "source": {
                "type": "git",
                "url": "https://github.com/composer/installers.git",
                "reference": "12fb2dfe5e16183de69e784a7b84046c43d97e8e"
            },
            "dist": {
                "type": "zip",
                "url": "https://api.github.com/repos/composer/installers/zipball/12fb2dfe5e16183de69e784a7b84046c43d97e8e",
                "reference": "12fb2dfe5e16183de69e784a7b84046c43d97e8e",
                "shasum": ""
            },
            "require": {
                "composer-plugin-api": "^1.0 || ^2.0",
                "php": "^7.2 || ^8.0"
            },
            "require-dev": {
                "composer/composer": "^1.10.27 || ^2.7",
                "composer/semver": "^1.7.2 || ^3.4.0",
                "phpstan/phpstan": "^1.11",
                "phpstan/phpstan-phpunit": "^1",
                "symfony/phpunit-bridge": "^7.1.1",
                "symfony/process": "^5 || ^6 || ^7"
            },
            "type": "composer-plugin",
            "extra": {
                "class": "Composer\\Installers\\Plugin",
                "branch-alias": {
                    "dev-main": "2.x-dev"
                },
                "plugin-modifies-install-path": true
            },
            "autoload": {
                "psr-4": {
                    "Composer\\Installers\\": "src/Composer/Installers"
                }
            },
            "notification-url": "https://packagist.org/downloads/",
            "license": [
                "MIT"
            ],
            "authors": [
                {
                    "name": "Kyle Robinson Young",
                    "email": "kyle@dontkry.com",
                    "homepage": "https://github.com/shama"
                }
            ],
            "description": "A multi-framework Composer library installer",
            "homepage": "https://composer.github.io/installers/",
            "keywords": [
                "Dolibarr",
                "Eliasis",
                "Hurad",
                "ImageCMS",
                "Kanboard",
                "Lan Management System",
                "MODX Evo",
                "MantisBT",
                "Mautic",
                "Maya",
                "OXID",
                "Plentymarkets",
                "Porto",
                "RadPHP",
                "SMF",
                "Starbug",
                "Thelia",
                "Whmcs",
                "WolfCMS",
                "agl",
                "annotatecms",
                "attogram",
                "bitrix",
                "cakephp",
                "chef",
                "cockpit",
                "codeigniter",
                "concrete5",
                "concreteCMS",
                "croogo",
                "dokuwiki",
                "drupal",
                "eZ Platform",
                "elgg",
                "expressionengine",
                "fuelphp",
                "grav",
                "installer",
                "itop",
                "known",
                "kohana",
                "laravel",
                "lavalite",
                "lithium",
                "magento",
                "majima",
                "mako",
                "matomo",
                "mediawiki",
                "miaoxing",
                "modulework",
                "modx",
                "moodle",
                "osclass",
                "pantheon",
                "phpbb",
                "piwik",
                "ppi",
                "processwire",
                "puppet",
                "pxcms",
                "reindex",
                "roundcube",
                "shopware",
                "silverstripe",
                "sydes",
                "sylius",
                "tastyigniter",
                "wordpress",
                "yawik",
                "zend",
                "zikula"
            ],
            "support": {
                "issues": "https://github.com/composer/installers/issues",
                "source": "https://github.com/composer/installers/tree/v2.3.0"
            },
            "funding": [
                {
                    "url": "https://packagist.com",
                    "type": "custom"
                },
                {
                    "url": "https://github.com/composer",
                    "type": "github"
                },
                {
                    "url": "https://tidelift.com/funding/github/packagist/composer/composer",
                    "type": "tidelift"
                }
            ],
            "time": "2024-06-24T20:46:46+00:00"
        },
        {
            "name": "moodle-plugin-db/mod_vpl",
            "version": "2024053112",
            "dist": {
                "type": "zip",
                "url": "https://moodle.org/plugins/download.php/32318/mod_vpl_moodle44_2024053112.zip"
            },
            "require": {
                "composer/installers": "^1.0 || ^2.0"
            },
            "type": "moodle-mod",
            "extra": {
                "installer-name": "vpl"
            },
            "homepage": "https://moodle.org/plugins/vpl"
        },
        {
            "name": "moodle/moodle",
            "version": "v4.5.0",
            "source": {
                "type": "git",
                "url": "https://github.com/moodle/moodle.git",
                "reference": "52c0da7c647bd6ba8c5f61882d88959821a1fb41"
            },
            "dist": {
                "type": "zip",
                "url": "https://api.github.com/repos/moodle/moodle/zipball/52c0da7c647bd6ba8c5f61882d88959821a1fb41",
                "reference": "52c0da7c647bd6ba8c5f61882d88959821a1fb41",
                "shasum": ""
            },
            "require": {
                "ext-ctype": "*",
                "ext-curl": "*",
                "ext-dom": "*",
                "ext-fileinfo": "*",
                "ext-gd": "*",
                "ext-hash": "*",
                "ext-iconv": "*",
                "ext-intl": "*",
                "ext-json": "*",
                "ext-mbstring": "*",
                "ext-openssl": "*",
                "ext-pcre": "*",
                "ext-simplexml": "*",
                "ext-sodium": "*",
                "ext-spl": "*",
                "ext-xml": "*",
                "ext-xmlreader": "*",
                "ext-zip": "*",
                "ext-zlib": "*",
                "php": ">=8.1.0"
            },
            "require-dev": {
                "behat/behat": "3.14.*",
                "behat/mink": "^1.11.0",
                "behat/mink-browserkit-driver": "^2.2.0",
                "filp/whoops": "^2.15",
                "friends-of-behat/mink-extension": "^2.7.5",
                "mikey179/vfsstream": "1.6.*",
                "oleg-andreyev/mink-phpwebdriver": "1.3.*",
                "phpunit/phpunit": "^9.6.18",
                "symfony/http-client": "^4.4 || ^5.0 || ^6.0 || ^7.0",
                "symfony/mime": "^4.4 || ^5.0 || ^6.0 || ^7.0",
                "symfony/process": "^4.4 || ^5.0 || ^6.0 || ^7.0"
            },
            "suggest": {
                "ext-exif": "Enabling Exif PHP extension is recommended, it is used by Moodle to parse image meta data.",
                "ext-mysqli": "Needed when Moodle uses MySQL or MariaDB database.",
                "ext-oci8": "Needed when Moodle uses Oracle database.",
                "ext-pgsql": "Needed when Moodle uses PostgreSQL database.",
                "ext-soap": "Enabling SOAP PHP extension is useful for web services and some plugins.",
                "ext-sqlsrv": "Needed when Moodle uses MS SQL Server database.",
                "ext-tokenizer": "Enabling Tokenizer PHP extension is recommended, it improves Moodle Networking functionality."
            },
            "type": "project",
            "notification-url": "https://packagist.org/downloads/",
            "license": [
                "GPL-3.0-or-later"
            ],
            "description": "Moodle - the world's open source learning platform",
            "homepage": "https://moodle.org",
            "support": {
                "source": "https://github.com/moodle/moodle/tree/v4.5.0"
            },
            "funding": [
                {
                    "type": "custom"
                },
                {
                    "url": "https://moodle.com/donations/",
                    "type": "custom"
                }
            ],
            "time": "2024-10-05T07:10:56+00:00"
        }
    ],
    "packages-dev": [],
    "aliases": [],
    "minimum-stability": "stable",
    "stability-flags": [],
    "prefer-stable": false,
    "prefer-lowest": false,
    "platform": [],
    "platform-dev": [],
    "plugin-api-version": "2.6.0"
}
